
Microsoft Visual Studio Solution File, Format Version 12.00
# Visual Studio Version 16
VisualStudioVersion = 16.0.29409.12
MinimumVisualStudioVersion = 10.0.40219.1
Project("{FAE04EC0-301F-11D3-BF4B-00C04F79EFBC}") = "App3.iOS", "App3\App3.iOS\App3.iOS.csproj", "{2BCABF4C-67F6-402E-A5C0-B3E55D9F7266}"
EndProject
Project("{FAE04EC0-301F-11D3-BF4B-00C04F79EFBC}") = "App3", "App3\App3\App3.csproj", "{5DAF3226-A770-49D9-BB65-8B6CFDD72BCE}"
EndProject
Global
	GlobalSection(SolutionConfigurationPlatforms) = preSolution
		Debug|Any CPU = Debug|Any CPU
		Debug|iPhone = Debug|iPhone
		Debug|iPhoneSimulator = Debug|iPhoneSimulator
		Release|Any CPU = Release|Any CPU
		Release|iPhone = Release|iPhone
		Release|iPhoneSimulator = Release|iPhoneSimulator
	EndGlobalSection
	GlobalSection(ProjectConfigurationPlatforms) = postSolution
		{2BCABF4C-67F6-402E-A5C0-B3E55D9F7266}.Debug|Any CPU.ActiveCfg = Debug|iPhone
		{2BCABF4C-67F6-402E-A5C0-B3E55D9F7266}.Debug|Any CPU.Build.0 = Debug|iPhone
		{2BCABF4C-67F6-402E-A5C0-B3E55D9F7266}.Debug|Any CPU.Deploy.0 = Debug|iPhone
		{2BCABF4C-67F6-402E-A5C0-B3E55D9F7266}.Debug|iPhone.ActiveCfg = Debug|iPhone
		{2BCABF4C-67F6-402E-A5C0-B3E55D9F7266}.Debug|iPhone.Build.0 = Debug|iPhone
		{2BCABF4C-67F6-402E-A5C0-B3E55D9F7266}.Debug|iPhone.Deploy.0 = Debug|iPhone
		{2BCABF4C-67F6-402E-A5C0-B3E55D9F7266}.Debug|iPhoneSimulator.ActiveCfg = Debug|iPhoneSimulator
		{2BCABF4C-67F6-402E-A5C0-B3E55D9F7266}.Debug|iPhoneSimulator.Build.0 = Debug|iPhoneSimulator
		{2BCABF4C-67F6-402E-A5C0-B3E55D9F7266}.Debug|iPhoneSimulator.Deploy.0 = Debug|iPhoneSimulator
		{2BCABF4C-67F6-402E-A5C0-B3E55D9F7266}.Release|Any CPU.ActiveCfg = Release|iPhone
		{2BCABF4C-67F6-402E-A5C0-B3E55D9F7266}.Release|Any CPU.Build.0 = Release|iPhone
		{2BCABF4C-67F6-402E-A5C0-B3E55D9F7266}.Release|Any CPU.Deploy.0 = Release|iPhone
		{2BCABF4C-67F6-402E-A5C0-B3E55D9F7266}.Release|iPhone.ActiveCfg = Release|iPhone
		{2BCABF4C-67F6-402E-A5C0-B3E55D9F7266}.Release|iPhone.Build.0 = Release|iPhone
		{2BCABF4C-67F6-402E-A5C0-B3E55D9F7266}.Release|iPhone.Deploy.0 = Release|iPhone
		{2BCABF4C-67F6-402E-A5C0-B3E55D9F7266}.Release|iPhoneSimulator.ActiveCfg = Release|iPhoneSimulator
		{2BCABF4C-67F6-402E-A5C0-B3E55D9F7266}.Release|iPhoneSimulator.Build.0 = Release|iPhoneSimulator
		{2BCABF4C-67F6-402E-A5C0-B3E55D9F7266}.Release|iPhoneSimulator.Deploy.0 = Release|iPhoneSimulator
		{5DAF3226-A770-49D9-BB65-8B6CFDD72BCE}.Debug|Any CPU.ActiveCfg = Debug|Any CPU
		{5DAF3226-A770-49D9-BB65-8B6CFDD72BCE}.Debug|Any CPU.Build.0 = Debug|Any CPU
		{5DAF3226-A770-49D9-BB65-8B6CFDD72BCE}.Debug|Any CPU.Deploy.0 = Debug|Any CPU
		{5DAF3226-A770-49D9-BB65-8B6CFDD72BCE}.Debug|iPhone.ActiveCfg = Debug|Any CPU
		{5DAF3226-A770-49D9-BB65-8B6CFDD72BCE}.Debug|iPhone.Build.0 = Debug|Any CPU
		{5DAF3226-A770-49D9-BB65-8B6CFDD72BCE}.Debug|iPhone.Deploy.0 = Debug|Any CPU
		{5DAF3226-A770-49D9-BB65-8B6CFDD72BCE}.Debug|iPhoneSimulator.ActiveCfg = Debug|Any CPU
		{5DAF3226-A770-49D9-BB65-8B6CFDD72BCE}.Debug|iPhoneSimulator.Build.0 = Debug|Any CPU
		{5DAF3226-A770-49D9-BB65-8B6CFDD72BCE}.Debug|iPhoneSimulator.Deploy.0 = Debug|Any CPU
		{5DAF3226-A770-49D9-BB65-8B6CFDD72BCE}.Release|Any CPU.ActiveCfg = Release|Any CPU
		{5DAF3226-A770-49D9-BB65-8B6CFDD72BCE}.Release|Any CPU.Build.0 = Release|Any CPU
		{5DAF3226-A770-49D9-BB65-8B6CFDD72BCE}.Release|Any CPU.Deploy.0 = Release|Any CPU
		{5DAF3226-A770-49D9-BB65-8B6CFDD72BCE}.Release|iPhone.ActiveCfg = Release|Any CPU
		{5DAF3226-A770-49D9-BB65-8B6CFDD72BCE}.Release|iPhone.Build.0 = Release|Any CPU
		{5DAF3226-A770-49D9-BB65-8B6CFDD72BCE}.Release|iPhone.Deploy.0 = Release|Any CPU
		{5DAF3226-A770-49D9-BB65-8B6CFDD72BCE}.Release|iPhoneSimulator.ActiveCfg = Release|Any CPU
		{5DAF3226-A770-49D9-BB65-8B6CFDD72BCE}.Release|iPhoneSimulator.Build.0 = Release|Any CPU
		{5DAF3226-A770-49D9-BB65-8B6CFDD72BCE}.Release|iPhoneSimulator.Deploy.0 = Release|Any CPU
	EndGlobalSection
	GlobalSection(SolutionProperties) = preSolution
		HideSolutionNode = FALSE
	EndGlobalSection
	GlobalSection(ExtensibilityGlobals) = postSolution
		SolutionGuid = {F0919183-318E-42E0-B673-941AFF3A309B}
	EndGlobalSection
EndGlobal
